// !$*UTF8*$!
{
	archiveVersion = 1;
	classes = {
	};
	objectVersion = 55;
	objects = {

/* Begin PBXBuildFile section */
		F815F9F5285B5480009AB1C6 /* DeepLinkSwiftUIApp.swift in Sources */ = {isa = PBXBuildFile; fileRef = F815F9F4285B5480009AB1C6 /* DeepLinkSwiftUIApp.swift */; };
		F815F9F7285B5480009AB1C6 /* ContentView.swift in Sources */ = {isa = PBXBuildFile; fileRef = F815F9F6285B5480009AB1C6 /* ContentView.swift */; };
		F815F9F9285B5481009AB1C6 /* Assets.xcassets in Resources */ = {isa = PBXBuildFile; fileRef = F815F9F8285B5481009AB1C6 /* Assets.xcassets */; };
		F815F9FC285B5481009AB1C6 /* Preview Assets.xcassets in Resources */ = {isa = PBXBuildFile; fileRef = F815F9FB285B5481009AB1C6 /* Preview Assets.xcassets */; };
		F815FA06285B55E6009AB1C6 /* Coffee.swift in Sources */ = {isa = PBXBuildFile; fileRef = F815FA05285B55E6009AB1C6 /* Coffee.swift */; };
		F8B09AB1285B5CAB00E1FA21 /* Home.swift in Sources */ = {isa = PBXBuildFile; fileRef = F8B09AB0285B5CAB00E1FA21 /* Home.swift */; };
		F8B09AB3285B5CF600E1FA21 /* AppDataModel.swift in Sources */ = {isa = PBXBuildFile; fileRef = F8B09AB2285B5CF600E1FA21 /* AppDataModel.swift */; };
/* End PBXBuildFile section */

/* Begin PBXFileReference section */
		F815F9F1285B5480009AB1C6 /* DeepLinkSwiftUI.app */ = {isa = PBXFileReference; explicitFileType = wrapper.application; includeInIndex = 0; path = DeepLinkSwiftUI.app; sourceTree = BUILT_PRODUCTS_DIR; };
		F815F9F4285B5480009AB1C6 /* DeepLinkSwiftUIApp.swift */ = {isa = PBXFileReference; lastKnownFileType = sourcecode.swift; path = DeepLinkSwiftUIApp.swift; sourceTree = "<group>"; };
		F815F9F6285B5480009AB1C6 /* ContentView.swift */ = {isa = PBXFileReference; lastKnownFileType = sourcecode.swift; path = ContentView.swift; sourceTree = "<group>"; };
		F815F9F8285B5481009AB1C6 /* Assets.xcassets */ = {isa = PBXFileReference; lastKnownFileType = folder.assetcatalog; path = Assets.xcassets; sourceTree = "<group>"; };
		F815F9FB285B5481009AB1C6 /* Preview Assets.xcassets */ = {isa = PBXFileReference; lastKnownFileType = folder.assetcatalog; path = "Preview Assets.xcassets"; sourceTree = "<group>"; };
		F815FA05285B55E6009AB1C6 /* Coffee.swift */ = {isa = PBXFileReference; lastKnownFileType = sourcecode.swift; path = Coffee.swift; sourceTree = "<group>"; };
		F8B09AB0285B5CAB00E1FA21 /* Home.swift */ = {isa = PBXFileReference; lastKnownFileType = sourcecode.swift; path = Home.swift; sourceTree = "<group>"; };
		F8B09AB2285B5CF600E1FA21 /* AppDataModel.swift */ = {isa = PBXFileReference; lastKnownFileType = sourcecode.swift; path = AppDataModel.swift; sourceTree = "<group>"; };
		F8B09AB4285B636100E1FA21 /* Info.plist */ = {isa = PBXFileReference; lastKnownFileType = text.plist; path = Info.plist; sourceTree = "<group>"; };
/* End PBXFileReference section */

/* Begin PBXFrameworksBuildPhase section */
		F815F9EE285B5480009AB1C6 /* Frameworks */ = {
			isa = PBXFrameworksBuildPhase;
			buildActionMask = 2147483647;
			files = (
			);
			runOnlyForDeploymentPostprocessing = 0;
		};
/* End PBXFrameworksBuildPhase section */

/* Begin PBXGroup section */
		F815F9E8285B5480009AB1C6 = {
			isa = PBXGroup;
			children = (
				F815F9F3285B5480009AB1C6 /* DeepLinkSwiftUI */,
				F815F9F2285B5480009AB1C6 /* Products */,
			);
			sourceTree = "<group>";
		};
		F815F9F2285B5480009AB1C6 /* Products */ = {
			isa = PBXGroup;
			children = (
				F815F9F1285B5480009AB1C6 /* DeepLinkSwiftUI.app */,
			);
			name = Products;
			sourceTree = "<group>";
		};
		F815F9F3285B5480009AB1C6 /* DeepLinkSwiftUI */ = {
			isa = PBXGroup;
			children = (
				F8B09AB4285B636100E1FA21 /* Info.plist */,
				F815FA03285B55B8009AB1C6 /* Model */,
				F815FA02285B55B2009AB1C6 /* View */,
				F815FA04285B55C2009AB1C6 /* ViewModel */,
				F815F9F4285B5480009AB1C6 /* DeepLinkSwiftUIApp.swift */,
				F815F9F6285B5480009AB1C6 /* ContentView.swift */,
				F815F9F8285B5481009AB1C6 /* Assets.xcassets */,
				F815F9FA285B5481009AB1C6 /* Preview Content */,
			);
			path = DeepLinkSwiftUI;
			sourceTree = "<group>";
		};
		F815F9FA285B5481009AB1C6 /* Preview Content */ = {
			isa = PBXGroup;
			children = (
				F815F9FB285B5481009AB1C6 /* Preview Assets.xcassets */,
			);
			path = "Preview Content";
			sourceTree = "<group>";
		};
		F815FA02285B55B2009AB1C6 /* View */ = {
			isa = PBXGroup;
			children = (
				F8B09AB0285B5CAB00E1FA21 /* Home.swift */,
			);
			path = View;
			sourceTree = "<group>";
		};
		F815FA03285B55B8009AB1C6 /* Model */ = {
			isa = PBXGroup;
			children = (
				F815FA05285B55E6009AB1C6 /* Coffee.swift */,
			);
			name = Model;
			path = View/Model;
			sourceTree = "<group>";
		};
		F815FA04285B55C2009AB1C6 /* ViewModel */ = {
			isa = PBXGroup;
			children = (
				F8B09AB2285B5CF600E1FA21 /* AppDataModel.swift */,
			);
			path = ViewModel;
			sourceTree = "<group>";
		};
/* End PBXGroup section */

/* Begin PBXNativeTarget section */
		F815F9F0285B5480009AB1C6 /* DeepLinkSwiftUI */ = {
			isa = PBXNativeTarget;
			buildConfigurationList = F815F9FF285B5481009AB1C6 /* Build configuration list for PBXNativeTarget "DeepLinkSwiftUI" */;
			buildPhases = (
				F815F9ED285B5480009AB1C6 /* Sources */,
				F815F9EE285B5480009AB1C6 /* Frameworks */,
				F815F9EF285B5480009AB1C6 /* Resources */,
			);
			buildRules = (
			);
			dependencies = (
			);
			name = DeepLinkSwiftUI;
			productName = DeepLinkSwiftUI;
			productReference = F815F9F1285B5480009AB1C6 /* DeepLinkSwiftUI.app */;
			productType = "com.apple.product-type.application";
		};
/* End PBXNativeTarget section */

/* Begin PBXProject section */
		F815F9E9285B5480009AB1C6 /* Project object */ = {
			isa = PBXProject;
			attributes = {
				BuildIndependentTargetsInParallel = 1;
				LastSwiftUpdateCheck = 1340;
				LastUpgradeCheck = 1340;
				TargetAttributes = {
					F815F9F0285B5480009AB1C6 = {
						CreatedOnToolsVersion = 13.4;
					};
				};
			};
			buildConfigurationList = F815F9EC285B5480009AB1C6 /* Build configuration list for PBXProject "DeepLinkSwiftUI" */;
			compatibilityVersion = "Xcode 13.0";
			developmentRegion = en;
			hasScannedForEncodings = 0;
			knownRegions = (
				en,
				Base,
			);
			mainGroup = F815F9E8285B5480009AB1C6;
			productRefGroup = F815F9F2285B5480009AB1C6 /* Products */;
			projectDirPath = "";
			projectRoot = "";
			targets = (
				F815F9F0285B5480009AB1C6 /* DeepLinkSwiftUI */,
			);
		};
/* End PBXProject section */

/* Begin PBXResourcesBuildPhase section */
		F815F9EF285B5480009AB1C6 /* Resources */ = {
			isa = PBXResourcesBuildPhase;
			buildActionMask = 2147483647;
			files = (
				F815F9FC285B5481009AB1C6 /* Preview Assets.xcassets in Resources */,
				F815F9F9285B5481009AB1C6 /* Assets.xcassets in Resources */,
			);
			runOnlyForDeploymentPostprocessing = 0;
		};
/* End PBXResourcesBuildPhase section */

/* Begin PBXSourcesBuildPhase section */
		F815F9ED285B5480009AB1C6 /* Sources */ = {
			isa = PBXSourcesBuildPhase;
			buildActionMask = 2147483647;
			files = (
				F815F9F7285B5480009AB1C6 /* ContentView.swift in Sources */,
				F815F9F5285B5480009AB1C6 /* DeepLinkSwiftUIApp.swift in Sources */,
				F8B09AB1285B5CAB00E1FA21 /* Home.swift in Sources */,
				F815FA06285B55E6009AB1C6 /* Coffee.swift in Sources */,
				F8B09AB3285B5CF600E1FA21 /* AppDataModel.swift in Sources */,
			);
			runOnlyForDeploymentPostprocessing = 0;
		};
/* End PBXSourcesBuildPhase section */

/* Begin XCBuildConfiguration section */
		F815F9FD285B5481009AB1C6 /* Debug */ = {
			isa = XCBuildConfiguration;
			buildSettings = {
				ALWAYS_SEARCH_USER_PATHS = NO;
				CLANG_ANALYZER_NONNULL = YES;
				CLANG_ANALYZER_NUMBER_OBJECT_CONVERSION = YES_AGGRESSIVE;
				CLANG_CXX_LANGUAGE_STANDARD = "gnu++17";
				CLANG_ENABLE_MODULES = YES;
				CLANG_ENABLE_OBJC_ARC = YES;
				CLANG_ENABLE_OBJC_WEAK = YES;
				CLANG_WARN_BLOCK_CAPTURE_AUTORELEASING = YES;
				CLANG_WARN_BOOL_CONVERSION = YES;
				CLANG_WARN_COMMA = YES;
				CLANG_WARN_CONSTANT_CONVERSION = YES;
				CLANG_WARN_DEPRECATED_OBJC_IMPLEMENTATIONS = YES;
				CLANG_WARN_DIRECT_OBJC_ISA_USAGE = YES_ERROR;
				CLANG_WARN_DOCUMENTATION_COMMENTS = YES;
				CLANG_WARN_EMPTY_BODY = YES;
				CLANG_WARN_ENUM_CONVERSION = YES;
				CLANG_WARN_INFINITE_RECURSION = YES;
				CLANG_WARN_INT_CONVERSION = YES;
				CLANG_WARN_NON_LITERAL_NULL_CONVERSION = YES;
				CLANG_WARN_OBJC_IMPLICIT_RETAIN_SELF = YES;
				CLANG_WARN_OBJC_LITERAL_CONVERSION = YES;
				CLANG_WARN_OBJC_ROOT_CLASS = YES_ERROR;
				CLANG_WARN_QUOTED_INCLUDE_IN_FRAMEWORK_HEADER = YES;
				CLANG_WARN_RANGE_LOOP_ANALYSIS = YES;
				CLANG_WARN_STRICT_PROTOTYPES = YES;
				CLANG_WARN_SUSPICIOUS_MOVE = YES;
				CLANG_WARN_UNGUARDED_AVAILABILITY = YES_AGGRESSIVE;
				CLANG_WARN_UNREACHABLE_CODE = YES;
				CLANG_WARN__DUPLICATE_METHOD_MATCH = YES;
				COPY_PHASE_STRIP = NO;
				DEBUG_INFORMATION_FORMAT = dwarf;
				ENABLE_STRICT_OBJC_MSGSEND = YES;
				ENABLE_TESTABILITY = YES;
				GCC_C_LANGUAGE_STANDARD = gnu11;
				GCC_DYNAMIC_NO_PIC = NO;
				GCC_NO_COMMON_BLOCKS = YES;
				GCC_OPTIMIZATION_LEVEL = 0;
				GCC_PREPROCESSOR_DEFINITIONS = (
					"DEBUG=1",
					"$(inherited)",
				);
				GCC_WARN_64_TO_32_BIT_CONVERSION = YES;
				GCC_WARN_ABOUT_RETURN_TYPE = YES_ERROR;
				GCC_WARN_UNDECLARED_SELECTOR = YES;
				GCC_WARN_UNINITIALIZED_AUTOS = YES_AGGRESSIVE;
				GCC_WARN_UNUSED_FUNCTION = YES;
				GCC_WARN_UNUSED_VARIABLE = YES;
				IPHONEOS_DEPLOYMENT_TARGET = 15.5;
				MTL_ENABLE_DEBUG_INFO = INCLUDE_SOURCE;
				MTL_FAST_MATH = YES;
				ONLY_ACTIVE_ARCH = YES;
				SDKROOT = iphoneos;
				SWIFT_ACTIVE_COMPILATION_CONDITIONS = DEBUG;
				SWIFT_OPTIMIZATION_LEVEL = "-Onone";
			};
			name = Debug;
		};
		F815F9FE285B5481009AB1C6 /* Release */ = {
			isa = XCBuildConfiguration;
			buildSettings = {
				ALWAYS_SEARCH_USER_PATHS = NO;
				CLANG_ANALYZER_NONNULL = YES;
				CLANG_ANALYZER_NUMBER_OBJECT_CONVERSION = YES_AGGRESSIVE;
				CLANG_CXX_LANGUAGE_STANDARD = "gnu++17";
				CLANG_ENABLE_MODULES = YES;
				CLANG_ENABLE_OBJC_ARC = YES;
				CLANG_ENABLE_OBJC_WEAK = YES;
				CLANG_WARN_BLOCK_CAPTURE_AUTORELEASING = YES;
				CLANG_WARN_BOOL_CONVERSION = YES;
				CLANG_WARN_COMMA = YES;
				CLANG_WARN_CONSTANT_CONVERSION = YES;
				CLANG_WARN_DEPRECATED_OBJC_IMPLEMENTATIONS = YES;
				CLANG_WARN_DIRECT_OBJC_ISA_USAGE = YES_ERROR;
				CLANG_WARN_DOCUMENTATION_COMMENTS = YES;
				CLANG_WARN_EMPTY_BODY = YES;
				CLANG_WARN_ENUM_CONVERSION = YES;
				CLANG_WARN_INFINITE_RECURSION = YES;
				CLANG_WARN_INT_CONVERSION = YES;
				CLANG_WARN_NON_LITERAL_NULL_CONVERSION = YES;
				CLANG_WARN_OBJC_IMPLICIT_RETAIN_SELF = YES;
				CLANG_WARN_OBJC_LITERAL_CONVERSION = YES;
				CLANG_WARN_OBJC_ROOT_CLASS = YES_ERROR;
				CLANG_WARN_QUOTED_INCLUDE_IN_FRAMEWORK_HEADER = YES;
				CLANG_WARN_RANGE_LOOP_ANALYSIS = YES;
				CLANG_WARN_STRICT_PROTOTYPES = YES;
				CLANG_WARN_SUSPICIOUS_MOVE = YES;
				CLANG_WARN_UNGUARDED_AVAILABILITY = YES_AGGRESSIVE;
				CLANG_WARN_UNREACHABLE_CODE = YES;
				CLANG_WARN__DUPLICATE_METHOD_MATCH = YES;
				COPY_PHASE_STRIP = NO;
				DEBUG_INFORMATION_FORMAT = "dwarf-with-dsym";
				ENABLE_NS_ASSERTIONS = NO;
				ENABLE_STRICT_OBJC_MSGSEND = YES;
				GCC_C_LANGUAGE_STANDARD = gnu11;
				GCC_NO_COMMON_BLOCKS = YES;
				GCC_WARN_64_TO_32_BIT_CONVERSION = YES;
				GCC_WARN_ABOUT_RETURN_TYPE = YES_ERROR;
				GCC_WARN_UNDECLARED_SELECTOR = YES;
				GCC_WARN_UNINITIALIZED_AUTOS = YES_AGGRESSIVE;
				GCC_WARN_UNUSED_FUNCTION = YES;
				GCC_WARN_UNUSED_VARIABLE = YES;
				IPHONEOS_DEPLOYMENT_TARGET = 15.5;
				MTL_ENABLE_DEBUG_INFO = NO;
				MTL_FAST_MATH = YES;
				SDKROOT = iphoneos;
				SWIFT_COMPILATION_MODE = wholemodule;
				SWIFT_OPTIMIZATION_LEVEL = "-O";
				VALIDATE_PRODUCT = YES;
			};
			name = Release;
		};
		F815FA00285B5481009AB1C6 /* Debug */ = {
			isa = XCBuildConfiguration;
			buildSettings = {
				ASSETCATALOG_COMPILER_APPICON_NAME = AppIcon;
				ASSETCATALOG_COMPILER_GLOBAL_ACCENT_COLOR_NAME = AccentColor;
				CODE_SIGN_STYLE = Automatic;
				CURRENT_PROJECT_VERSION = 1;
				DEVELOPMENT_ASSET_PATHS = "\"DeepLinkSwiftUI/Preview Content\"";
				DEVELOPMENT_TEAM = 4S26R5Q975;
				ENABLE_PREVIEWS = YES;
				GENERATE_INFOPLIST_FILE = YES;
				INFOPLIST_FILE = DeepLinkSwiftUI/Info.plist;
				INFOPLIST_KEY_UIApplicationSceneManifest_Generation = YES;
				INFOPLIST_KEY_UIApplicationSupportsIndirectInputEvents = YES;
				INFOPLIST_KEY_UILaunchScreen_Generation = YES;
				INFOPLIST_KEY_UISupportedInterfaceOrientations_iPad = "UIInterfaceOrientationPortrait UIInterfaceOrientationPortraitUpsideDown UIInterfaceOrientationLandscapeLeft UIInterfaceOrientationLandscapeRight";
				INFOPLIST_KEY_UISupportedInterfaceOrientations_iPhone = "UIInterfaceOrientationPortrait UIInterfaceOrientationLandscapeLeft UIInterfaceOrientationLandscapeRight";
				LD_RUNPATH_SEARCH_PATHS = (
					"$(inherited)",
					"@executable_path/Frameworks",
				);
				MARKETING_VERSION = 1.0;
				PRODUCT_BUNDLE_IDENTIFIER = AhllgovInc.DeepLinkSwiftUI;
				PRODUCT_NAME = "$(TARGET_NAME)";
				SWIFT_EMIT_LOC_STRINGS = YES;
				SWIFT_VERSION = 5.0;
				TARGETED_DEVICE_FAMILY = "1,2";
			};
			name = Debug;
		};
		F815FA01285B5481009AB1C6 /* Release */ = {
			isa = XCBuildConfiguration;
			buildSettings = {
				ASSETCATALOG_COMPILER_APPICON_NAME = AppIcon;
				ASSETCATALOG_COMPILER_GLOBAL_ACCENT_COLOR_NAME = AccentColor;
				CODE_SIGN_STYLE = Automatic;
				CURRENT_PROJECT_VERSION = 1;
				DEVELOPMENT_ASSET_PATHS = "\"DeepLinkSwiftUI/Preview Content\"";
				DEVELOPMENT_TEAM = 4S26R5Q975;
				ENABLE_PREVIEWS = YES;
				GENERATE_INFOPLIST_FILE = YES;
				INFOPLIST_FILE = DeepLinkSwiftUI/Info.plist;
				INFOPLIST_KEY_UIApplicationSceneManifest_Generation = YES;
				INFOPLIST_KEY_UIApplicationSupportsIndirectInputEvents = YES;
				INFOPLIST_KEY_UILaunchScreen_Generation = YES;
				INFOPLIST_KEY_UISupportedInterfaceOrientations_iPad = "UIInterfaceOrientationPortrait UIInterfaceOrientationPortraitUpsideDown UIInterfaceOrientationLandscapeLeft UIInterfaceOrientationLandscapeRight";
				INFOPLIST_KEY_UISupportedInterfaceOrientations_iPhone = "UIInterfaceOrientationPortrait UIInterfaceOrientationLandscapeLeft UIInterfaceOrientationLandscapeRight";
				LD_RUNPATH_SEARCH_PATHS = (
					"$(inherited)",
					"@executable_path/Frameworks",
				);
				MARKETING_VERSION = 1.0;
				PRODUCT_BUNDLE_IDENTIFIER = AhllgovInc.DeepLinkSwiftUI;
				PRODUCT_NAME = "$(TARGET_NAME)";
				SWIFT_EMIT_LOC_STRINGS = YES;
				SWIFT_VERSION = 5.0;
				TARGETED_DEVICE_FAMILY = "1,2";
			};
			name = Release;
		};
/* End XCBuildConfiguration section */

/* Begin XCConfigurationList section */
		F815F9EC285B5480009AB1C6 /* Build configuration list for PBXProject "DeepLinkSwiftUI" */ = {
			isa = XCConfigurationList;
			buildConfigurations = (
				F815F9FD285B5481009AB1C6 /* Debug */,
				F815F9FE285B5481009AB1C6 /* Release */,
			);
			defaultConfigurationIsVisible = 0;
			defaultConfigurationName = Release;
		};
		F815F9FF285B5481009AB1C6 /* Build configuration list for PBXNativeTarget "DeepLinkSwiftUI" */ = {
			isa = XCConfigurationList;
			buildConfigurations = (
				F815FA00285B5481009AB1C6 /* Debug */,
				F815FA01285B5481009AB1C6 /* Release */,
			);
			defaultConfigurationIsVisible = 0;
			defaultConfigurationName = Release;
		};
/* End XCConfigurationList section */
	};
	rootObject = F815F9E9285B5480009AB1C6 /* Project object */;
}
